
Microsoft Visual Studio Solution File, Format Version 12.00
# Visual Studio 2012
Project("{FAE04EC0-301F-11D3-BF4B-00C04F79EFBC}") = "DandyDoc.Core", "src\DandyDoc.Core\DandyDoc.Core.csproj", "{A09F4DAC-290C-4ABE-B053-071EC966008F}"
EndProject
Project("{2150E333-8FDC-42A3-9474-1A3956D46DE8}") = ".nuget", ".nuget", "{B0018CBB-A5E8-4F65-96D8-6F6AEC669C50}"
	ProjectSection(SolutionItems) = preProject
		.nuget\NuGet.Config = .nuget\NuGet.Config
		.nuget\NuGet.exe = .nuget\NuGet.exe
		.nuget\NuGet.targets = .nuget\NuGet.targets
	EndProjectSection
EndProject
Project("{FAE04EC0-301F-11D3-BF4B-00C04F79EFBC}") = "TestLibrary1", "samples\TestLibrary1\TestLibrary1.csproj", "{F83F4C52-A886-4B9E-8164-E95E1F22F929}"
EndProject
Project("{FAE04EC0-301F-11D3-BF4B-00C04F79EFBC}") = "Mvc4WebDirectDocSample", "samples\Mvc4WebDirectDocSample\Mvc4WebDirectDocSample.csproj", "{986D2B93-D1AA-4D2F-87DD-CA3CC647746A}"
EndProject
Project("{2150E333-8FDC-42A3-9474-1A3956D46DE8}") = "samples", "samples", "{2297D4FC-AB34-4999-8936-FC636EDAADC9}"
EndProject
Project("{2150E333-8FDC-42A3-9474-1A3956D46DE8}") = "src", "src", "{8B7A42CE-D0A8-4E32-AAD0-260E6398A06A}"
EndProject
Project("{2150E333-8FDC-42A3-9474-1A3956D46DE8}") = "tests", "tests", "{4D0172D3-2623-4DD8-BAF8-D8B385D299C2}"
EndProject
Project("{FAE04EC0-301F-11D3-BF4B-00C04F79EFBC}") = "TestLibrary1.Test", "tests\TestLibrary1.Test\TestLibrary1.Test.csproj", "{0241FC0F-7C96-4899-9661-8C72723AE1D3}"
EndProject
Project("{2150E333-8FDC-42A3-9474-1A3956D46DE8}") = "tools", "tools", "{F9450AE8-7005-42C0-A5DC-647685D78E5E}"
EndProject
Project("{FAE04EC0-301F-11D3-BF4B-00C04F79EFBC}") = "MsdnTocGenerator", "src\MsdnTocGenerator\MsdnTocGenerator.csproj", "{D47C32D2-DE97-47C5-9F96-FDD77335F496}"
EndProject
Global
	GlobalSection(SolutionConfigurationPlatforms) = preSolution
		Debug|Any CPU = Debug|Any CPU
		Release|Any CPU = Release|Any CPU
	EndGlobalSection
	GlobalSection(ProjectConfigurationPlatforms) = postSolution
		{A09F4DAC-290C-4ABE-B053-071EC966008F}.Debug|Any CPU.ActiveCfg = Debug|Any CPU
		{A09F4DAC-290C-4ABE-B053-071EC966008F}.Debug|Any CPU.Build.0 = Debug|Any CPU
		{A09F4DAC-290C-4ABE-B053-071EC966008F}.Release|Any CPU.ActiveCfg = Release|Any CPU
		{A09F4DAC-290C-4ABE-B053-071EC966008F}.Release|Any CPU.Build.0 = Release|Any CPU
		{F83F4C52-A886-4B9E-8164-E95E1F22F929}.Debug|Any CPU.ActiveCfg = Debug|Any CPU
		{F83F4C52-A886-4B9E-8164-E95E1F22F929}.Debug|Any CPU.Build.0 = Debug|Any CPU
		{F83F4C52-A886-4B9E-8164-E95E1F22F929}.Release|Any CPU.ActiveCfg = Release|Any CPU
		{F83F4C52-A886-4B9E-8164-E95E1F22F929}.Release|Any CPU.Build.0 = Release|Any CPU
		{986D2B93-D1AA-4D2F-87DD-CA3CC647746A}.Debug|Any CPU.ActiveCfg = Debug|Any CPU
		{986D2B93-D1AA-4D2F-87DD-CA3CC647746A}.Debug|Any CPU.Build.0 = Debug|Any CPU
		{986D2B93-D1AA-4D2F-87DD-CA3CC647746A}.Release|Any CPU.ActiveCfg = Release|Any CPU
		{986D2B93-D1AA-4D2F-87DD-CA3CC647746A}.Release|Any CPU.Build.0 = Release|Any CPU
		{0241FC0F-7C96-4899-9661-8C72723AE1D3}.Debug|Any CPU.ActiveCfg = Debug|Any CPU
		{0241FC0F-7C96-4899-9661-8C72723AE1D3}.Debug|Any CPU.Build.0 = Debug|Any CPU
		{0241FC0F-7C96-4899-9661-8C72723AE1D3}.Release|Any CPU.ActiveCfg = Release|Any CPU
		{0241FC0F-7C96-4899-9661-8C72723AE1D3}.Release|Any CPU.Build.0 = Release|Any CPU
		{D47C32D2-DE97-47C5-9F96-FDD77335F496}.Debug|Any CPU.ActiveCfg = Debug|Any CPU
		{D47C32D2-DE97-47C5-9F96-FDD77335F496}.Debug|Any CPU.Build.0 = Debug|Any CPU
		{D47C32D2-DE97-47C5-9F96-FDD77335F496}.Release|Any CPU.ActiveCfg = Release|Any CPU
		{D47C32D2-DE97-47C5-9F96-FDD77335F496}.Release|Any CPU.Build.0 = Release|Any CPU
	EndGlobalSection
	GlobalSection(SolutionProperties) = preSolution
		HideSolutionNode = FALSE
	EndGlobalSection
	GlobalSection(NestedProjects) = preSolution
		{A09F4DAC-290C-4ABE-B053-071EC966008F} = {8B7A42CE-D0A8-4E32-AAD0-260E6398A06A}
		{986D2B93-D1AA-4D2F-87DD-CA3CC647746A} = {2297D4FC-AB34-4999-8936-FC636EDAADC9}
		{F83F4C52-A886-4B9E-8164-E95E1F22F929} = {2297D4FC-AB34-4999-8936-FC636EDAADC9}
		{0241FC0F-7C96-4899-9661-8C72723AE1D3} = {4D0172D3-2623-4DD8-BAF8-D8B385D299C2}
		{D47C32D2-DE97-47C5-9F96-FDD77335F496} = {F9450AE8-7005-42C0-A5DC-647685D78E5E}
	EndGlobalSection
EndGlobal
