
Microsoft Visual Studio Solution File, Format Version 12.00
# Visual Studio 2012
Project("{FAE04EC0-301F-11D3-BF4B-00C04F79EFBC}") = "DandyDoc.Core", "src\DandyDoc.Core\DandyDoc.Core.csproj", "{A09F4DAC-290C-4ABE-B053-071EC966008F}"
EndProject
Project("{2150E333-8FDC-42A3-9474-1A3956D46DE8}") = ".nuget", ".nuget", "{B0018CBB-A5E8-4F65-96D8-6F6AEC669C50}"
	ProjectSection(SolutionItems) = preProject
		.nuget\NuGet.Config = .nuget\NuGet.Config
		.nuget\NuGet.exe = .nuget\NuGet.exe
		.nuget\NuGet.targets = .nuget\NuGet.targets
	EndProjectSection
EndProject
Project("{2150E333-8FDC-42A3-9474-1A3956D46DE8}") = "src", "src", "{8B7A42CE-D0A8-4E32-AAD0-260E6398A06A}"
	ProjectSection(SolutionItems) = preProject
		CommonAssemblyInfo.cs = CommonAssemblyInfo.cs
	EndProjectSection
EndProject
Project("{2150E333-8FDC-42A3-9474-1A3956D46DE8}") = "tests", "tests", "{4D0172D3-2623-4DD8-BAF8-D8B385D299C2}"
EndProject
Project("{FAE04EC0-301F-11D3-BF4B-00C04F79EFBC}") = "TestLibrary1", "tests\TestLibrary1\TestLibrary1.csproj", "{F83F4C52-A886-4B9E-8164-E95E1F22F929}"
EndProject
Project("{2150E333-8FDC-42A3-9474-1A3956D46DE8}") = "build", "build", "{8C888A75-C3A5-49EA-A747-C03D1A5FF3F7}"
	ProjectSection(SolutionItems) = preProject
		build\DandyDoc.CodeDoc.Cecil.nuspec = build\DandyDoc.CodeDoc.Cecil.nuspec
		build\DandyDoc.CodeDoc.nuspec = build\DandyDoc.CodeDoc.nuspec
		build\DandyDoc.Core.Cecil.nuspec = build\DandyDoc.Core.Cecil.nuspec
		build\DandyDoc.Core.nuspec = build\DandyDoc.Core.nuspec
		rakefile = rakefile
	EndProjectSection
EndProject
Project("{2150E333-8FDC-42A3-9474-1A3956D46DE8}") = "website", "website", "{5B2C4D63-9F42-4C27-BF95-52E7257A6C7A}"
EndProject
Project("{2150E333-8FDC-42A3-9474-1A3956D46DE8}") = "samples", "samples", "{4CAD2057-6EBD-471D-B57A-A755FB8B361A}"
EndProject
Project("{FAE04EC0-301F-11D3-BF4B-00C04F79EFBC}") = "DandyDoc.Core.Cecil", "src\DandyDoc.Core.Cecil\DandyDoc.Core.Cecil.csproj", "{D231F05E-033A-4666-8C40-6837BFC8A989}"
EndProject
Project("{FAE04EC0-301F-11D3-BF4B-00C04F79EFBC}") = "DandyDoc.CodeDoc", "src\DandyDoc.CodeDoc\DandyDoc.CodeDoc.csproj", "{01CCE4B1-8BD1-4C4F-8080-9A9BB19F05A9}"
EndProject
Project("{FAE04EC0-301F-11D3-BF4B-00C04F79EFBC}") = "DandyDoc.CodeDoc.Cecil", "src\DandyDoc.CodeDoc.Cecil\DandyDoc.CodeDoc.Cecil.csproj", "{800519B7-8F27-4F5D-94CC-9868ADD9559F}"
EndProject
Project("{FAE04EC0-301F-11D3-BF4B-00C04F79EFBC}") = "DandyDoc.CodeDoc.Tests", "tests\DandyDoc.CodeDoc.Tests\DandyDoc.CodeDoc.Tests.csproj", "{2E91C452-7777-4ACD-83E5-A79B5D217389}"
EndProject
Project("{FAE04EC0-301F-11D3-BF4B-00C04F79EFBC}") = "DandyDoc.Core.Tests", "tests\DandyDoc.Core.Tests\DandyDoc.Core.Tests.csproj", "{9F83F6BE-7F93-4B79-A667-14FE0C09F40A}"
EndProject
Project("{FAE04EC0-301F-11D3-BF4B-00C04F79EFBC}") = "DandyDoc.Core.Cecil.Tests", "tests\DandyDoc.Core.Cecil.Tests\DandyDoc.Core.Cecil.Tests.csproj", "{B537DE61-22CB-4672-BBB7-966E72E1CEA0}"
EndProject
Project("{FAE04EC0-301F-11D3-BF4B-00C04F79EFBC}") = "DandyDoc.Web.Mvc4", "website\DandyDoc.Web.Mvc4\DandyDoc.Web.Mvc4.csproj", "{BC6DEC04-C575-4E71-9025-D3AB2155E0F5}"
EndProject
Project("{FAE04EC0-301F-11D3-BF4B-00C04F79EFBC}") = "DandyDoc.Web.ServiceStack", "website\DandyDoc.Web.ServiceStack\DandyDoc.Web.ServiceStack.csproj", "{99EA8229-F344-41FB-BFC9-B64B810A95E6}"
EndProject
Project("{FAE04EC0-301F-11D3-BF4B-00C04F79EFBC}") = "DandyDoc.CodeDoc.Cecil.Tests", "tests\DandyDoc.CodeDoc.Cecil.Tests\DandyDoc.CodeDoc.Cecil.Tests.csproj", "{9AE8FD04-1158-4DB1-BCC7-E937EB3E64EB}"
EndProject
Project("{FAE04EC0-301F-11D3-BF4B-00C04F79EFBC}") = "CodeDocRepository.PerformanceTest", "tests\CodeDocRepository.PerformanceTest\CodeDocRepository.PerformanceTest.csproj", "{C2ECA188-8477-4F2B-B4CC-6761DA31F74B}"
EndProject
Project("{FAE04EC0-301F-11D3-BF4B-00C04F79EFBC}") = "DandyDoc.CodeDoc.Mtps.IntegrationTests", "tests\DandyDoc.CodeDoc.Mtps.IntegrationTests\DandyDoc.CodeDoc.Mtps.IntegrationTests.csproj", "{AC36DC92-0760-461B-A2AC-DD5B674A797B}"
EndProject
Project("{FAE04EC0-301F-11D3-BF4B-00C04F79EFBC}") = "DandyDoc.Web.Nancy", "website\DandyDoc.Web.Nancy\DandyDoc.Web.Nancy.csproj", "{2A348591-F682-47D9-80FA-267AB039EFF8}"
EndProject
Project("{FAE04EC0-301F-11D3-BF4B-00C04F79EFBC}") = "DandyDoc.Generator.Nancy", "website\DandyDoc.Generator.Nancy\DandyDoc.Generator.Nancy.csproj", "{C16CAFE5-A3F9-4772-920C-F52623D929D4}"
EndProject
Project("{FAE04EC0-301F-11D3-BF4B-00C04F79EFBC}") = "DandyDoc.Generator.ServiceStack", "website\DandyDoc.Generator.ServiceStack\DandyDoc.Generator.ServiceStack.csproj", "{F68BE8FB-293D-4311-BF29-100FE6B2FE53}"
EndProject
Project("{FAE04EC0-301F-11D3-BF4B-00C04F79EFBC}") = "SimpleStaticSiteGenerator", "samples\SimpleStaticSiteGenerator\SimpleStaticSiteGenerator.csproj", "{0B7478DB-3EE2-4960-950C-ADA4F2D130FD}"
EndProject
Global
	GlobalSection(SolutionConfigurationPlatforms) = preSolution
		Debug|Any CPU = Debug|Any CPU
		DebugCC|Any CPU = DebugCC|Any CPU
		Release|Any CPU = Release|Any CPU
	EndGlobalSection
	GlobalSection(ProjectConfigurationPlatforms) = postSolution
		{A09F4DAC-290C-4ABE-B053-071EC966008F}.Debug|Any CPU.ActiveCfg = Debug|Any CPU
		{A09F4DAC-290C-4ABE-B053-071EC966008F}.Debug|Any CPU.Build.0 = Debug|Any CPU
		{A09F4DAC-290C-4ABE-B053-071EC966008F}.DebugCC|Any CPU.ActiveCfg = DebugCC|Any CPU
		{A09F4DAC-290C-4ABE-B053-071EC966008F}.DebugCC|Any CPU.Build.0 = DebugCC|Any CPU
		{A09F4DAC-290C-4ABE-B053-071EC966008F}.Release|Any CPU.ActiveCfg = Release|Any CPU
		{A09F4DAC-290C-4ABE-B053-071EC966008F}.Release|Any CPU.Build.0 = Release|Any CPU
		{F83F4C52-A886-4B9E-8164-E95E1F22F929}.Debug|Any CPU.ActiveCfg = Debug|Any CPU
		{F83F4C52-A886-4B9E-8164-E95E1F22F929}.Debug|Any CPU.Build.0 = Debug|Any CPU
		{F83F4C52-A886-4B9E-8164-E95E1F22F929}.DebugCC|Any CPU.ActiveCfg = DebugCC|Any CPU
		{F83F4C52-A886-4B9E-8164-E95E1F22F929}.DebugCC|Any CPU.Build.0 = DebugCC|Any CPU
		{F83F4C52-A886-4B9E-8164-E95E1F22F929}.Release|Any CPU.ActiveCfg = Release|Any CPU
		{F83F4C52-A886-4B9E-8164-E95E1F22F929}.Release|Any CPU.Build.0 = Release|Any CPU
		{D231F05E-033A-4666-8C40-6837BFC8A989}.Debug|Any CPU.ActiveCfg = Debug|Any CPU
		{D231F05E-033A-4666-8C40-6837BFC8A989}.Debug|Any CPU.Build.0 = Debug|Any CPU
		{D231F05E-033A-4666-8C40-6837BFC8A989}.DebugCC|Any CPU.ActiveCfg = DebugCC|Any CPU
		{D231F05E-033A-4666-8C40-6837BFC8A989}.DebugCC|Any CPU.Build.0 = DebugCC|Any CPU
		{D231F05E-033A-4666-8C40-6837BFC8A989}.Release|Any CPU.ActiveCfg = Release|Any CPU
		{D231F05E-033A-4666-8C40-6837BFC8A989}.Release|Any CPU.Build.0 = Release|Any CPU
		{01CCE4B1-8BD1-4C4F-8080-9A9BB19F05A9}.Debug|Any CPU.ActiveCfg = Debug|Any CPU
		{01CCE4B1-8BD1-4C4F-8080-9A9BB19F05A9}.Debug|Any CPU.Build.0 = Debug|Any CPU
		{01CCE4B1-8BD1-4C4F-8080-9A9BB19F05A9}.DebugCC|Any CPU.ActiveCfg = DebugCC|Any CPU
		{01CCE4B1-8BD1-4C4F-8080-9A9BB19F05A9}.DebugCC|Any CPU.Build.0 = DebugCC|Any CPU
		{01CCE4B1-8BD1-4C4F-8080-9A9BB19F05A9}.Release|Any CPU.ActiveCfg = Release|Any CPU
		{01CCE4B1-8BD1-4C4F-8080-9A9BB19F05A9}.Release|Any CPU.Build.0 = Release|Any CPU
		{800519B7-8F27-4F5D-94CC-9868ADD9559F}.Debug|Any CPU.ActiveCfg = Debug|Any CPU
		{800519B7-8F27-4F5D-94CC-9868ADD9559F}.Debug|Any CPU.Build.0 = Debug|Any CPU
		{800519B7-8F27-4F5D-94CC-9868ADD9559F}.DebugCC|Any CPU.ActiveCfg = DebugCC|Any CPU
		{800519B7-8F27-4F5D-94CC-9868ADD9559F}.DebugCC|Any CPU.Build.0 = DebugCC|Any CPU
		{800519B7-8F27-4F5D-94CC-9868ADD9559F}.Release|Any CPU.ActiveCfg = Release|Any CPU
		{800519B7-8F27-4F5D-94CC-9868ADD9559F}.Release|Any CPU.Build.0 = Release|Any CPU
		{2E91C452-7777-4ACD-83E5-A79B5D217389}.Debug|Any CPU.ActiveCfg = Debug|Any CPU
		{2E91C452-7777-4ACD-83E5-A79B5D217389}.Debug|Any CPU.Build.0 = Debug|Any CPU
		{2E91C452-7777-4ACD-83E5-A79B5D217389}.DebugCC|Any CPU.ActiveCfg = DebugCC|Any CPU
		{2E91C452-7777-4ACD-83E5-A79B5D217389}.DebugCC|Any CPU.Build.0 = DebugCC|Any CPU
		{2E91C452-7777-4ACD-83E5-A79B5D217389}.Release|Any CPU.ActiveCfg = Release|Any CPU
		{2E91C452-7777-4ACD-83E5-A79B5D217389}.Release|Any CPU.Build.0 = Release|Any CPU
		{9F83F6BE-7F93-4B79-A667-14FE0C09F40A}.Debug|Any CPU.ActiveCfg = Debug|Any CPU
		{9F83F6BE-7F93-4B79-A667-14FE0C09F40A}.Debug|Any CPU.Build.0 = Debug|Any CPU
		{9F83F6BE-7F93-4B79-A667-14FE0C09F40A}.DebugCC|Any CPU.ActiveCfg = DebugCC|Any CPU
		{9F83F6BE-7F93-4B79-A667-14FE0C09F40A}.DebugCC|Any CPU.Build.0 = DebugCC|Any CPU
		{9F83F6BE-7F93-4B79-A667-14FE0C09F40A}.Release|Any CPU.ActiveCfg = Release|Any CPU
		{9F83F6BE-7F93-4B79-A667-14FE0C09F40A}.Release|Any CPU.Build.0 = Release|Any CPU
		{B537DE61-22CB-4672-BBB7-966E72E1CEA0}.Debug|Any CPU.ActiveCfg = Debug|Any CPU
		{B537DE61-22CB-4672-BBB7-966E72E1CEA0}.Debug|Any CPU.Build.0 = Debug|Any CPU
		{B537DE61-22CB-4672-BBB7-966E72E1CEA0}.DebugCC|Any CPU.ActiveCfg = DebugCC|Any CPU
		{B537DE61-22CB-4672-BBB7-966E72E1CEA0}.DebugCC|Any CPU.Build.0 = DebugCC|Any CPU
		{B537DE61-22CB-4672-BBB7-966E72E1CEA0}.Release|Any CPU.ActiveCfg = Release|Any CPU
		{B537DE61-22CB-4672-BBB7-966E72E1CEA0}.Release|Any CPU.Build.0 = Release|Any CPU
		{BC6DEC04-C575-4E71-9025-D3AB2155E0F5}.Debug|Any CPU.ActiveCfg = Debug|Any CPU
		{BC6DEC04-C575-4E71-9025-D3AB2155E0F5}.Debug|Any CPU.Build.0 = Debug|Any CPU
		{BC6DEC04-C575-4E71-9025-D3AB2155E0F5}.DebugCC|Any CPU.ActiveCfg = Debug|Any CPU
		{BC6DEC04-C575-4E71-9025-D3AB2155E0F5}.DebugCC|Any CPU.Build.0 = Debug|Any CPU
		{BC6DEC04-C575-4E71-9025-D3AB2155E0F5}.Release|Any CPU.ActiveCfg = Release|Any CPU
		{BC6DEC04-C575-4E71-9025-D3AB2155E0F5}.Release|Any CPU.Build.0 = Release|Any CPU
		{99EA8229-F344-41FB-BFC9-B64B810A95E6}.Debug|Any CPU.ActiveCfg = Debug|Any CPU
		{99EA8229-F344-41FB-BFC9-B64B810A95E6}.Debug|Any CPU.Build.0 = Debug|Any CPU
		{99EA8229-F344-41FB-BFC9-B64B810A95E6}.DebugCC|Any CPU.ActiveCfg = Debug|Any CPU
		{99EA8229-F344-41FB-BFC9-B64B810A95E6}.DebugCC|Any CPU.Build.0 = Debug|Any CPU
		{99EA8229-F344-41FB-BFC9-B64B810A95E6}.Release|Any CPU.ActiveCfg = Release|Any CPU
		{99EA8229-F344-41FB-BFC9-B64B810A95E6}.Release|Any CPU.Build.0 = Release|Any CPU
		{9AE8FD04-1158-4DB1-BCC7-E937EB3E64EB}.Debug|Any CPU.ActiveCfg = Debug|Any CPU
		{9AE8FD04-1158-4DB1-BCC7-E937EB3E64EB}.Debug|Any CPU.Build.0 = Debug|Any CPU
		{9AE8FD04-1158-4DB1-BCC7-E937EB3E64EB}.DebugCC|Any CPU.ActiveCfg = Debug|Any CPU
		{9AE8FD04-1158-4DB1-BCC7-E937EB3E64EB}.DebugCC|Any CPU.Build.0 = Debug|Any CPU
		{9AE8FD04-1158-4DB1-BCC7-E937EB3E64EB}.Release|Any CPU.ActiveCfg = Release|Any CPU
		{9AE8FD04-1158-4DB1-BCC7-E937EB3E64EB}.Release|Any CPU.Build.0 = Release|Any CPU
		{C2ECA188-8477-4F2B-B4CC-6761DA31F74B}.Debug|Any CPU.ActiveCfg = Debug|Any CPU
		{C2ECA188-8477-4F2B-B4CC-6761DA31F74B}.Debug|Any CPU.Build.0 = Debug|Any CPU
		{C2ECA188-8477-4F2B-B4CC-6761DA31F74B}.DebugCC|Any CPU.ActiveCfg = Debug|Any CPU
		{C2ECA188-8477-4F2B-B4CC-6761DA31F74B}.DebugCC|Any CPU.Build.0 = Debug|Any CPU
		{C2ECA188-8477-4F2B-B4CC-6761DA31F74B}.Release|Any CPU.ActiveCfg = Release|Any CPU
		{C2ECA188-8477-4F2B-B4CC-6761DA31F74B}.Release|Any CPU.Build.0 = Release|Any CPU
		{AC36DC92-0760-461B-A2AC-DD5B674A797B}.Debug|Any CPU.ActiveCfg = Debug|Any CPU
		{AC36DC92-0760-461B-A2AC-DD5B674A797B}.Debug|Any CPU.Build.0 = Debug|Any CPU
		{AC36DC92-0760-461B-A2AC-DD5B674A797B}.DebugCC|Any CPU.ActiveCfg = Debug|Any CPU
		{AC36DC92-0760-461B-A2AC-DD5B674A797B}.DebugCC|Any CPU.Build.0 = Debug|Any CPU
		{AC36DC92-0760-461B-A2AC-DD5B674A797B}.Release|Any CPU.ActiveCfg = Release|Any CPU
		{AC36DC92-0760-461B-A2AC-DD5B674A797B}.Release|Any CPU.Build.0 = Release|Any CPU
		{2A348591-F682-47D9-80FA-267AB039EFF8}.Debug|Any CPU.ActiveCfg = Debug|Any CPU
		{2A348591-F682-47D9-80FA-267AB039EFF8}.Debug|Any CPU.Build.0 = Debug|Any CPU
		{2A348591-F682-47D9-80FA-267AB039EFF8}.DebugCC|Any CPU.ActiveCfg = Debug|Any CPU
		{2A348591-F682-47D9-80FA-267AB039EFF8}.DebugCC|Any CPU.Build.0 = Debug|Any CPU
		{2A348591-F682-47D9-80FA-267AB039EFF8}.Release|Any CPU.ActiveCfg = Release|Any CPU
		{2A348591-F682-47D9-80FA-267AB039EFF8}.Release|Any CPU.Build.0 = Release|Any CPU
		{C16CAFE5-A3F9-4772-920C-F52623D929D4}.Debug|Any CPU.ActiveCfg = Debug|Any CPU
		{C16CAFE5-A3F9-4772-920C-F52623D929D4}.Debug|Any CPU.Build.0 = Debug|Any CPU
		{C16CAFE5-A3F9-4772-920C-F52623D929D4}.DebugCC|Any CPU.ActiveCfg = Debug|Any CPU
		{C16CAFE5-A3F9-4772-920C-F52623D929D4}.DebugCC|Any CPU.Build.0 = Debug|Any CPU
		{C16CAFE5-A3F9-4772-920C-F52623D929D4}.Release|Any CPU.ActiveCfg = Release|Any CPU
		{C16CAFE5-A3F9-4772-920C-F52623D929D4}.Release|Any CPU.Build.0 = Release|Any CPU
		{F68BE8FB-293D-4311-BF29-100FE6B2FE53}.Debug|Any CPU.ActiveCfg = Debug|Any CPU
		{F68BE8FB-293D-4311-BF29-100FE6B2FE53}.Debug|Any CPU.Build.0 = Debug|Any CPU
		{F68BE8FB-293D-4311-BF29-100FE6B2FE53}.DebugCC|Any CPU.ActiveCfg = Debug|Any CPU
		{F68BE8FB-293D-4311-BF29-100FE6B2FE53}.DebugCC|Any CPU.Build.0 = Debug|Any CPU
		{F68BE8FB-293D-4311-BF29-100FE6B2FE53}.Release|Any CPU.ActiveCfg = Release|Any CPU
		{F68BE8FB-293D-4311-BF29-100FE6B2FE53}.Release|Any CPU.Build.0 = Release|Any CPU
		{0B7478DB-3EE2-4960-950C-ADA4F2D130FD}.Debug|Any CPU.ActiveCfg = Debug|Any CPU
		{0B7478DB-3EE2-4960-950C-ADA4F2D130FD}.Debug|Any CPU.Build.0 = Debug|Any CPU
		{0B7478DB-3EE2-4960-950C-ADA4F2D130FD}.DebugCC|Any CPU.ActiveCfg = Debug|Any CPU
		{0B7478DB-3EE2-4960-950C-ADA4F2D130FD}.DebugCC|Any CPU.Build.0 = Debug|Any CPU
		{0B7478DB-3EE2-4960-950C-ADA4F2D130FD}.Release|Any CPU.ActiveCfg = Release|Any CPU
		{0B7478DB-3EE2-4960-950C-ADA4F2D130FD}.Release|Any CPU.Build.0 = Release|Any CPU
	EndGlobalSection
	GlobalSection(SolutionProperties) = preSolution
		HideSolutionNode = FALSE
	EndGlobalSection
	GlobalSection(NestedProjects) = preSolution
		{A09F4DAC-290C-4ABE-B053-071EC966008F} = {8B7A42CE-D0A8-4E32-AAD0-260E6398A06A}
		{D231F05E-033A-4666-8C40-6837BFC8A989} = {8B7A42CE-D0A8-4E32-AAD0-260E6398A06A}
		{01CCE4B1-8BD1-4C4F-8080-9A9BB19F05A9} = {8B7A42CE-D0A8-4E32-AAD0-260E6398A06A}
		{800519B7-8F27-4F5D-94CC-9868ADD9559F} = {8B7A42CE-D0A8-4E32-AAD0-260E6398A06A}
		{F83F4C52-A886-4B9E-8164-E95E1F22F929} = {4D0172D3-2623-4DD8-BAF8-D8B385D299C2}
		{2E91C452-7777-4ACD-83E5-A79B5D217389} = {4D0172D3-2623-4DD8-BAF8-D8B385D299C2}
		{9F83F6BE-7F93-4B79-A667-14FE0C09F40A} = {4D0172D3-2623-4DD8-BAF8-D8B385D299C2}
		{B537DE61-22CB-4672-BBB7-966E72E1CEA0} = {4D0172D3-2623-4DD8-BAF8-D8B385D299C2}
		{9AE8FD04-1158-4DB1-BCC7-E937EB3E64EB} = {4D0172D3-2623-4DD8-BAF8-D8B385D299C2}
		{C2ECA188-8477-4F2B-B4CC-6761DA31F74B} = {4D0172D3-2623-4DD8-BAF8-D8B385D299C2}
		{AC36DC92-0760-461B-A2AC-DD5B674A797B} = {4D0172D3-2623-4DD8-BAF8-D8B385D299C2}
		{BC6DEC04-C575-4E71-9025-D3AB2155E0F5} = {5B2C4D63-9F42-4C27-BF95-52E7257A6C7A}
		{99EA8229-F344-41FB-BFC9-B64B810A95E6} = {5B2C4D63-9F42-4C27-BF95-52E7257A6C7A}
		{2A348591-F682-47D9-80FA-267AB039EFF8} = {5B2C4D63-9F42-4C27-BF95-52E7257A6C7A}
		{C16CAFE5-A3F9-4772-920C-F52623D929D4} = {5B2C4D63-9F42-4C27-BF95-52E7257A6C7A}
		{F68BE8FB-293D-4311-BF29-100FE6B2FE53} = {5B2C4D63-9F42-4C27-BF95-52E7257A6C7A}
		{0B7478DB-3EE2-4960-950C-ADA4F2D130FD} = {4CAD2057-6EBD-471D-B57A-A755FB8B361A}
	EndGlobalSection
EndGlobal
