
Microsoft Visual Studio Solution File, Format Version 12.00
# Visual Studio 2012
Project("{FAE04EC0-301F-11D3-BF4B-00C04F79EFBC}") = "DandyDoc.Core", "src\DandyDoc.Core\DandyDoc.Core.csproj", "{A09F4DAC-290C-4ABE-B053-071EC966008F}"
EndProject
Project("{2150E333-8FDC-42A3-9474-1A3956D46DE8}") = ".nuget", ".nuget", "{B0018CBB-A5E8-4F65-96D8-6F6AEC669C50}"
	ProjectSection(SolutionItems) = preProject
		.nuget\NuGet.Config = .nuget\NuGet.Config
		.nuget\NuGet.exe = .nuget\NuGet.exe
		.nuget\NuGet.targets = .nuget\NuGet.targets
	EndProjectSection
EndProject
Project("{2150E333-8FDC-42A3-9474-1A3956D46DE8}") = "src", "src", "{8B7A42CE-D0A8-4E32-AAD0-260E6398A06A}"
	ProjectSection(SolutionItems) = preProject
		CommonAssemblyInfo.cs = CommonAssemblyInfo.cs
	EndProjectSection
EndProject
Project("{2150E333-8FDC-42A3-9474-1A3956D46DE8}") = "tests", "tests", "{4D0172D3-2623-4DD8-BAF8-D8B385D299C2}"
EndProject
Project("{FAE04EC0-301F-11D3-BF4B-00C04F79EFBC}") = "TestLibrary1.Test", "tests\TestLibrary1.Test\TestLibrary1.Test.csproj", "{0241FC0F-7C96-4899-9661-8C72723AE1D3}"
EndProject
Project("{2150E333-8FDC-42A3-9474-1A3956D46DE8}") = "tools", "tools", "{F9450AE8-7005-42C0-A5DC-647685D78E5E}"
EndProject
Project("{FAE04EC0-301F-11D3-BF4B-00C04F79EFBC}") = "DandyDoc.SimpleModels", "src\DandyDoc.SimpleModels\DandyDoc.SimpleModels.csproj", "{FD7EF106-4642-4705-B700-E851F1973E50}"
EndProject
Project("{FAE04EC0-301F-11D3-BF4B-00C04F79EFBC}") = "TestLibrary1.SimpleModels.Test", "tests\TestLibrary1.SimpleModels.Test\TestLibrary1.SimpleModels.Test.csproj", "{2F2398D0-19DD-44DE-B872-8DAF0EF633E1}"
EndProject
Project("{FAE04EC0-301F-11D3-BF4B-00C04F79EFBC}") = "TestLibrary1", "tests\TestLibrary1\TestLibrary1.csproj", "{F83F4C52-A886-4B9E-8164-E95E1F22F929}"
EndProject
Project("{2150E333-8FDC-42A3-9474-1A3956D46DE8}") = "build", "build", "{8C888A75-C3A5-49EA-A747-C03D1A5FF3F7}"
	ProjectSection(SolutionItems) = preProject
		build\dandy-doc.nuspec = build\dandy-doc.nuspec
		rakefile = rakefile
	EndProjectSection
EndProject
Project("{2150E333-8FDC-42A3-9474-1A3956D46DE8}") = "website", "website", "{5B2C4D63-9F42-4C27-BF95-52E7257A6C7A}"
EndProject
Project("{FAE04EC0-301F-11D3-BF4B-00C04F79EFBC}") = "DandyDocSite", "website\DandyDocSite\DandyDocSite.csproj", "{672C976F-5F8D-4D16-AAD4-75AA43643B8D}"
EndProject
Project("{2150E333-8FDC-42A3-9474-1A3956D46DE8}") = "samples", "samples", "{4CAD2057-6EBD-471D-B57A-A755FB8B361A}"
EndProject
Project("{FAE04EC0-301F-11D3-BF4B-00C04F79EFBC}") = "QuickStartSample", "samples\QuickStartSample\QuickStartSample.csproj", "{8F17003E-6B29-4BD4-856C-0E7003C737F6}"
EndProject
Global
	GlobalSection(SolutionConfigurationPlatforms) = preSolution
		Debug|Any CPU = Debug|Any CPU
		DebugCC|Any CPU = DebugCC|Any CPU
		Release|Any CPU = Release|Any CPU
	EndGlobalSection
	GlobalSection(ProjectConfigurationPlatforms) = postSolution
		{A09F4DAC-290C-4ABE-B053-071EC966008F}.Debug|Any CPU.ActiveCfg = Debug|Any CPU
		{A09F4DAC-290C-4ABE-B053-071EC966008F}.Debug|Any CPU.Build.0 = Debug|Any CPU
		{A09F4DAC-290C-4ABE-B053-071EC966008F}.DebugCC|Any CPU.ActiveCfg = DebugCC|Any CPU
		{A09F4DAC-290C-4ABE-B053-071EC966008F}.DebugCC|Any CPU.Build.0 = DebugCC|Any CPU
		{A09F4DAC-290C-4ABE-B053-071EC966008F}.Release|Any CPU.ActiveCfg = Release|Any CPU
		{A09F4DAC-290C-4ABE-B053-071EC966008F}.Release|Any CPU.Build.0 = Release|Any CPU
		{0241FC0F-7C96-4899-9661-8C72723AE1D3}.Debug|Any CPU.ActiveCfg = Debug|Any CPU
		{0241FC0F-7C96-4899-9661-8C72723AE1D3}.Debug|Any CPU.Build.0 = Debug|Any CPU
		{0241FC0F-7C96-4899-9661-8C72723AE1D3}.DebugCC|Any CPU.ActiveCfg = DebugCC|Any CPU
		{0241FC0F-7C96-4899-9661-8C72723AE1D3}.DebugCC|Any CPU.Build.0 = DebugCC|Any CPU
		{0241FC0F-7C96-4899-9661-8C72723AE1D3}.Release|Any CPU.ActiveCfg = Release|Any CPU
		{0241FC0F-7C96-4899-9661-8C72723AE1D3}.Release|Any CPU.Build.0 = Release|Any CPU
		{FD7EF106-4642-4705-B700-E851F1973E50}.Debug|Any CPU.ActiveCfg = Debug|Any CPU
		{FD7EF106-4642-4705-B700-E851F1973E50}.Debug|Any CPU.Build.0 = Debug|Any CPU
		{FD7EF106-4642-4705-B700-E851F1973E50}.DebugCC|Any CPU.ActiveCfg = DebugCC|Any CPU
		{FD7EF106-4642-4705-B700-E851F1973E50}.DebugCC|Any CPU.Build.0 = DebugCC|Any CPU
		{FD7EF106-4642-4705-B700-E851F1973E50}.Release|Any CPU.ActiveCfg = Release|Any CPU
		{FD7EF106-4642-4705-B700-E851F1973E50}.Release|Any CPU.Build.0 = Release|Any CPU
		{2F2398D0-19DD-44DE-B872-8DAF0EF633E1}.Debug|Any CPU.ActiveCfg = Debug|Any CPU
		{2F2398D0-19DD-44DE-B872-8DAF0EF633E1}.Debug|Any CPU.Build.0 = Debug|Any CPU
		{2F2398D0-19DD-44DE-B872-8DAF0EF633E1}.DebugCC|Any CPU.ActiveCfg = DebugCC|Any CPU
		{2F2398D0-19DD-44DE-B872-8DAF0EF633E1}.DebugCC|Any CPU.Build.0 = DebugCC|Any CPU
		{2F2398D0-19DD-44DE-B872-8DAF0EF633E1}.Release|Any CPU.ActiveCfg = Release|Any CPU
		{2F2398D0-19DD-44DE-B872-8DAF0EF633E1}.Release|Any CPU.Build.0 = Release|Any CPU
		{F83F4C52-A886-4B9E-8164-E95E1F22F929}.Debug|Any CPU.ActiveCfg = Debug|Any CPU
		{F83F4C52-A886-4B9E-8164-E95E1F22F929}.Debug|Any CPU.Build.0 = Debug|Any CPU
		{F83F4C52-A886-4B9E-8164-E95E1F22F929}.DebugCC|Any CPU.ActiveCfg = DebugCC|Any CPU
		{F83F4C52-A886-4B9E-8164-E95E1F22F929}.DebugCC|Any CPU.Build.0 = DebugCC|Any CPU
		{F83F4C52-A886-4B9E-8164-E95E1F22F929}.Release|Any CPU.ActiveCfg = Release|Any CPU
		{F83F4C52-A886-4B9E-8164-E95E1F22F929}.Release|Any CPU.Build.0 = Release|Any CPU
		{672C976F-5F8D-4D16-AAD4-75AA43643B8D}.Debug|Any CPU.ActiveCfg = Debug|Any CPU
		{672C976F-5F8D-4D16-AAD4-75AA43643B8D}.Debug|Any CPU.Build.0 = Debug|Any CPU
		{672C976F-5F8D-4D16-AAD4-75AA43643B8D}.DebugCC|Any CPU.ActiveCfg = DebugCC|Any CPU
		{672C976F-5F8D-4D16-AAD4-75AA43643B8D}.DebugCC|Any CPU.Build.0 = DebugCC|Any CPU
		{672C976F-5F8D-4D16-AAD4-75AA43643B8D}.Release|Any CPU.ActiveCfg = Release|Any CPU
		{672C976F-5F8D-4D16-AAD4-75AA43643B8D}.Release|Any CPU.Build.0 = Release|Any CPU
		{8F17003E-6B29-4BD4-856C-0E7003C737F6}.Debug|Any CPU.ActiveCfg = Debug|Any CPU
		{8F17003E-6B29-4BD4-856C-0E7003C737F6}.Debug|Any CPU.Build.0 = Debug|Any CPU
		{8F17003E-6B29-4BD4-856C-0E7003C737F6}.DebugCC|Any CPU.ActiveCfg = Debug|Any CPU
		{8F17003E-6B29-4BD4-856C-0E7003C737F6}.DebugCC|Any CPU.Build.0 = Debug|Any CPU
		{8F17003E-6B29-4BD4-856C-0E7003C737F6}.Release|Any CPU.ActiveCfg = Release|Any CPU
		{8F17003E-6B29-4BD4-856C-0E7003C737F6}.Release|Any CPU.Build.0 = Release|Any CPU
	EndGlobalSection
	GlobalSection(SolutionProperties) = preSolution
		HideSolutionNode = FALSE
	EndGlobalSection
	GlobalSection(NestedProjects) = preSolution
		{A09F4DAC-290C-4ABE-B053-071EC966008F} = {8B7A42CE-D0A8-4E32-AAD0-260E6398A06A}
		{FD7EF106-4642-4705-B700-E851F1973E50} = {8B7A42CE-D0A8-4E32-AAD0-260E6398A06A}
		{0241FC0F-7C96-4899-9661-8C72723AE1D3} = {4D0172D3-2623-4DD8-BAF8-D8B385D299C2}
		{2F2398D0-19DD-44DE-B872-8DAF0EF633E1} = {4D0172D3-2623-4DD8-BAF8-D8B385D299C2}
		{F83F4C52-A886-4B9E-8164-E95E1F22F929} = {4D0172D3-2623-4DD8-BAF8-D8B385D299C2}
		{672C976F-5F8D-4D16-AAD4-75AA43643B8D} = {5B2C4D63-9F42-4C27-BF95-52E7257A6C7A}
		{8F17003E-6B29-4BD4-856C-0E7003C737F6} = {4CAD2057-6EBD-471D-B57A-A755FB8B361A}
	EndGlobalSection
EndGlobal
